
Microsoft Visual Studio Solution File, Format Version 12.00
# Visual Studio Version 16
VisualStudioVersion = 16.0.29911.84
MinimumVisualStudioVersion = 10.0.40219.1
Project("{9A19103F-16F7-4668-BE54-9A1E7A4F7556}") = "Timetable.DbContext", "Timetable.DbContext\Timetable.DbContext.csproj", "{85FA0A23-A91B-4881-A71B-42229FCEFC9B}"
EndProject
Project("{9A19103F-16F7-4668-BE54-9A1E7A4F7556}") = "Timetable.Security", "Timetable.Security\Timetable.Security.csproj", "{3F858C64-2726-4E56-8AC4-A5A4CB4C767D}"
EndProject
Project("{9A19103F-16F7-4668-BE54-9A1E7A4F7556}") = "TimeTable.Web.CommonViewModel", "TimeTable.Web.CommonViewModel\TimeTable.Web.CommonViewModel.csproj", "{EDC9A04B-8D3A-42F0-B939-C392D00F0392}"
EndProject
Project("{9A19103F-16F7-4668-BE54-9A1E7A4F7556}") = "Timetable.Redis", "Timetable.Redis\Timetable.Redis.csproj", "{75348B46-2C26-4914-9F63-202649A542BC}"
EndProject
Project("{9A19103F-16F7-4668-BE54-9A1E7A4F7556}") = "Timetable.Tools", "Timetable.Tools\Timetable.Tools.csproj", "{BE8B58BF-0028-46E1-AFEA-F04138C2D21B}"
EndProject
Project("{9A19103F-16F7-4668-BE54-9A1E7A4F7556}") = "Timetable.Web.OA", "Timetable.Web.OA\Timetable.Web.OA.csproj", "{23F40163-4603-4B53-BACB-F3B8077C757C}"
EndProject
Project("{E24C65DC-7377-472B-9ABA-BC803B73C61A}") = "Timetable.Web.OAWebClient", "Timetable.Web.OAWebClient\", "{B750878C-576C-4765-BBDA-7969DD066492}"
	ProjectSection(WebsiteProperties) = preProject
		TargetFrameworkMoniker = ".NETFramework,Version%3Dv4.0"
		Debug.AspNetCompiler.VirtualPath = "/localhost_53749"
		Debug.AspNetCompiler.PhysicalPath = "Timetable.Web.OAWebClient\"
		Debug.AspNetCompiler.TargetPath = "PrecompiledWeb\localhost_53749\"
		Debug.AspNetCompiler.Updateable = "true"
		Debug.AspNetCompiler.ForceOverwrite = "true"
		Debug.AspNetCompiler.FixedNames = "false"
		Debug.AspNetCompiler.Debug = "True"
		Release.AspNetCompiler.VirtualPath = "/localhost_53749"
		Release.AspNetCompiler.PhysicalPath = "Timetable.Web.OAWebClient\"
		Release.AspNetCompiler.TargetPath = "PrecompiledWeb\localhost_53749\"
		Release.AspNetCompiler.Updateable = "true"
		Release.AspNetCompiler.ForceOverwrite = "true"
		Release.AspNetCompiler.FixedNames = "false"
		Release.AspNetCompiler.Debug = "False"
		VWDPort = "53749"
		SlnRelativePath = "Timetable.Web.OAWebClient\"
	EndProjectSection
EndProject
Project("{FAE04EC0-301F-11D3-BF4B-00C04F79EFBC}") = "Timetable.Web.MiniApp", "Timetable.Web.MiniApp\Timetable.Web.MiniApp.csproj", "{2BD0C561-C8B8-4419-9594-C6566CEB0649}"
EndProject
Global
	GlobalSection(SolutionConfigurationPlatforms) = preSolution
		Debug|Any CPU = Debug|Any CPU
		Release|Any CPU = Release|Any CPU
	EndGlobalSection
	GlobalSection(ProjectConfigurationPlatforms) = postSolution
		{85FA0A23-A91B-4881-A71B-42229FCEFC9B}.Debug|Any CPU.ActiveCfg = Debug|Any CPU
		{85FA0A23-A91B-4881-A71B-42229FCEFC9B}.Debug|Any CPU.Build.0 = Debug|Any CPU
		{85FA0A23-A91B-4881-A71B-42229FCEFC9B}.Release|Any CPU.ActiveCfg = Release|Any CPU
		{85FA0A23-A91B-4881-A71B-42229FCEFC9B}.Release|Any CPU.Build.0 = Release|Any CPU
		{3F858C64-2726-4E56-8AC4-A5A4CB4C767D}.Debug|Any CPU.ActiveCfg = Debug|Any CPU
		{3F858C64-2726-4E56-8AC4-A5A4CB4C767D}.Debug|Any CPU.Build.0 = Debug|Any CPU
		{3F858C64-2726-4E56-8AC4-A5A4CB4C767D}.Release|Any CPU.ActiveCfg = Release|Any CPU
		{3F858C64-2726-4E56-8AC4-A5A4CB4C767D}.Release|Any CPU.Build.0 = Release|Any CPU
		{EDC9A04B-8D3A-42F0-B939-C392D00F0392}.Debug|Any CPU.ActiveCfg = Debug|Any CPU
		{EDC9A04B-8D3A-42F0-B939-C392D00F0392}.Debug|Any CPU.Build.0 = Debug|Any CPU
		{EDC9A04B-8D3A-42F0-B939-C392D00F0392}.Release|Any CPU.ActiveCfg = Release|Any CPU
		{EDC9A04B-8D3A-42F0-B939-C392D00F0392}.Release|Any CPU.Build.0 = Release|Any CPU
		{75348B46-2C26-4914-9F63-202649A542BC}.Debug|Any CPU.ActiveCfg = Debug|Any CPU
		{75348B46-2C26-4914-9F63-202649A542BC}.Debug|Any CPU.Build.0 = Debug|Any CPU
		{75348B46-2C26-4914-9F63-202649A542BC}.Release|Any CPU.ActiveCfg = Release|Any CPU
		{75348B46-2C26-4914-9F63-202649A542BC}.Release|Any CPU.Build.0 = Release|Any CPU
		{BE8B58BF-0028-46E1-AFEA-F04138C2D21B}.Debug|Any CPU.ActiveCfg = Debug|Any CPU
		{BE8B58BF-0028-46E1-AFEA-F04138C2D21B}.Debug|Any CPU.Build.0 = Debug|Any CPU
		{BE8B58BF-0028-46E1-AFEA-F04138C2D21B}.Release|Any CPU.ActiveCfg = Release|Any CPU
		{BE8B58BF-0028-46E1-AFEA-F04138C2D21B}.Release|Any CPU.Build.0 = Release|Any CPU
		{23F40163-4603-4B53-BACB-F3B8077C757C}.Debug|Any CPU.ActiveCfg = Debug|Any CPU
		{23F40163-4603-4B53-BACB-F3B8077C757C}.Debug|Any CPU.Build.0 = Debug|Any CPU
		{23F40163-4603-4B53-BACB-F3B8077C757C}.Release|Any CPU.ActiveCfg = Release|Any CPU
		{23F40163-4603-4B53-BACB-F3B8077C757C}.Release|Any CPU.Build.0 = Release|Any CPU
		{B750878C-576C-4765-BBDA-7969DD066492}.Debug|Any CPU.ActiveCfg = Debug|Any CPU
		{B750878C-576C-4765-BBDA-7969DD066492}.Debug|Any CPU.Build.0 = Debug|Any CPU
		{B750878C-576C-4765-BBDA-7969DD066492}.Release|Any CPU.ActiveCfg = Debug|Any CPU
		{B750878C-576C-4765-BBDA-7969DD066492}.Release|Any CPU.Build.0 = Debug|Any CPU
		{2BD0C561-C8B8-4419-9594-C6566CEB0649}.Debug|Any CPU.ActiveCfg = Debug|Any CPU
		{2BD0C561-C8B8-4419-9594-C6566CEB0649}.Debug|Any CPU.Build.0 = Debug|Any CPU
		{2BD0C561-C8B8-4419-9594-C6566CEB0649}.Release|Any CPU.ActiveCfg = Release|Any CPU
		{2BD0C561-C8B8-4419-9594-C6566CEB0649}.Release|Any CPU.Build.0 = Release|Any CPU
	EndGlobalSection
	GlobalSection(SolutionProperties) = preSolution
		HideSolutionNode = FALSE
	EndGlobalSection
	GlobalSection(ExtensibilityGlobals) = postSolution
		SolutionGuid = {8DAAD248-4993-4E46-A041-30CC3F09A783}
	EndGlobalSection
EndGlobal
